
Microsoft Visual Studio Solution File, Format Version 12.00
# Visual Studio Version 17
VisualStudioVersion = 17.4.33213.308
MinimumVisualStudioVersion = 10.0.40219.1
Project("{9A19103F-16F7-4668-BE54-9A1E7A4F7556}") = "FlightPlanApi", "FlightPlanApi\FlightPlanApi.csproj", "{C2E49338-87D2-439A-8A91-9DB29EBEF68C}"
EndProject
Project("{2150E333-8FDC-42A3-9474-1A3956D46DE8}") = "Solution Items", "Solution Items", "{A346DBBC-5890-4EDF-87EF-68FF795FD30D}"
	ProjectSection(SolutionItems) = preProject
		.editorconfig = .editorconfig
	EndProjectSection
EndProject
Global
	GlobalSection(SolutionConfigurationPlatforms) = preSolution
		Debug|Any CPU = Debug|Any CPU
		Release|Any CPU = Release|Any CPU
	EndGlobalSection
	GlobalSection(ProjectConfigurationPlatforms) = postSolution
		{C2E49338-87D2-439A-8A91-9DB29EBEF68C}.Debug|Any CPU.ActiveCfg = Debug|Any CPU
		{C2E49338-87D2-439A-8A91-9DB29EBEF68C}.Debug|Any CPU.Build.0 = Debug|Any CPU
		{C2E49338-87D2-439A-8A91-9DB29EBEF68C}.Release|Any CPU.ActiveCfg = Release|Any CPU
		{C2E49338-87D2-439A-8A91-9DB29EBEF68C}.Release|Any CPU.Build.0 = Release|Any CPU
	EndGlobalSection
	GlobalSection(SolutionProperties) = preSolution
		HideSolutionNode = FALSE
	EndGlobalSection
	GlobalSection(ExtensibilityGlobals) = postSolution
		SolutionGuid = {F3516008-0D68-4BF6-A0C6-F6CA00AD3FD8}
	EndGlobalSection
EndGlobal
